
Microsoft Visual Studio Solution File, Format Version 12.00
# Visual Studio Version 17
VisualStudioVersion = 17.0.31903.59
MinimumVisualStudioVersion = 10.0.40219.1
Project("{9A19103F-16F7-4668-BE54-9A1E7A4F7556}") = "Drastic.AllTheControls", "Drastic.AllTheControls\Drastic.AllTheControls.csproj", "{3CE73D77-88C2-47EE-A173-9B01A55D2B4B}"
EndProject
Project("{9A19103F-16F7-4668-BE54-9A1E7A4F7556}") = "Drastic.AppToolbox", "..\external\Drastic.AppToolbox\src\Drastic.AppToolbox\Drastic.AppToolbox.csproj", "{88198878-3A4F-4E87-BD46-5B7B280032B4}"
EndProject
Project("{2150E333-8FDC-42A3-9474-1A3956D46DE8}") = "Library", "Library", "{974D2891-9854-4831-BF6F-056E865DC681}"
EndProject
Project("{FAE04EC0-301F-11D3-BF4B-00C04F79EFBC}") = "WinUIControlsApp", "WinUIControlsApp\WinUIControlsApp.csproj", "{EF588E11-EAEF-4C13-8630-DBB159974BAF}"
EndProject
Project("{9A19103F-16F7-4668-BE54-9A1E7A4F7556}") = "MauiControlsApp", "MauiControlsApp\MauiControlsApp.csproj", "{2F5541F7-F15E-4819-91F1-745B9196C729}"
EndProject
Global
	GlobalSection(SolutionConfigurationPlatforms) = preSolution
		Debug|Any CPU = Debug|Any CPU
		Debug|ARM64 = Debug|ARM64
		Debug|x64 = Debug|x64
		Debug|x86 = Debug|x86
		Release|Any CPU = Release|Any CPU
		Release|ARM64 = Release|ARM64
		Release|x64 = Release|x64
		Release|x86 = Release|x86
	EndGlobalSection
	GlobalSection(ProjectConfigurationPlatforms) = postSolution
		{3CE73D77-88C2-47EE-A173-9B01A55D2B4B}.Debug|Any CPU.ActiveCfg = Debug|Any CPU
		{3CE73D77-88C2-47EE-A173-9B01A55D2B4B}.Debug|Any CPU.Build.0 = Debug|Any CPU
		{3CE73D77-88C2-47EE-A173-9B01A55D2B4B}.Debug|ARM64.ActiveCfg = Debug|Any CPU
		{3CE73D77-88C2-47EE-A173-9B01A55D2B4B}.Debug|ARM64.Build.0 = Debug|Any CPU
		{3CE73D77-88C2-47EE-A173-9B01A55D2B4B}.Debug|x64.ActiveCfg = Debug|Any CPU
		{3CE73D77-88C2-47EE-A173-9B01A55D2B4B}.Debug|x64.Build.0 = Debug|Any CPU
		{3CE73D77-88C2-47EE-A173-9B01A55D2B4B}.Debug|x86.ActiveCfg = Debug|Any CPU
		{3CE73D77-88C2-47EE-A173-9B01A55D2B4B}.Debug|x86.Build.0 = Debug|Any CPU
		{3CE73D77-88C2-47EE-A173-9B01A55D2B4B}.Release|Any CPU.ActiveCfg = Release|Any CPU
		{3CE73D77-88C2-47EE-A173-9B01A55D2B4B}.Release|Any CPU.Build.0 = Release|Any CPU
		{3CE73D77-88C2-47EE-A173-9B01A55D2B4B}.Release|ARM64.ActiveCfg = Release|Any CPU
		{3CE73D77-88C2-47EE-A173-9B01A55D2B4B}.Release|ARM64.Build.0 = Release|Any CPU
		{3CE73D77-88C2-47EE-A173-9B01A55D2B4B}.Release|x64.ActiveCfg = Release|Any CPU
		{3CE73D77-88C2-47EE-A173-9B01A55D2B4B}.Release|x64.Build.0 = Release|Any CPU
		{3CE73D77-88C2-47EE-A173-9B01A55D2B4B}.Release|x86.ActiveCfg = Release|Any CPU
		{3CE73D77-88C2-47EE-A173-9B01A55D2B4B}.Release|x86.Build.0 = Release|Any CPU
		{88198878-3A4F-4E87-BD46-5B7B280032B4}.Debug|Any CPU.ActiveCfg = Debug|Any CPU
		{88198878-3A4F-4E87-BD46-5B7B280032B4}.Debug|Any CPU.Build.0 = Debug|Any CPU
		{88198878-3A4F-4E87-BD46-5B7B280032B4}.Debug|ARM64.ActiveCfg = Debug|Any CPU
		{88198878-3A4F-4E87-BD46-5B7B280032B4}.Debug|ARM64.Build.0 = Debug|Any CPU
		{88198878-3A4F-4E87-BD46-5B7B280032B4}.Debug|x64.ActiveCfg = Debug|Any CPU
		{88198878-3A4F-4E87-BD46-5B7B280032B4}.Debug|x64.Build.0 = Debug|Any CPU
		{88198878-3A4F-4E87-BD46-5B7B280032B4}.Debug|x86.ActiveCfg = Debug|Any CPU
		{88198878-3A4F-4E87-BD46-5B7B280032B4}.Debug|x86.Build.0 = Debug|Any CPU
		{88198878-3A4F-4E87-BD46-5B7B280032B4}.Release|Any CPU.ActiveCfg = Release|Any CPU
		{88198878-3A4F-4E87-BD46-5B7B280032B4}.Release|Any CPU.Build.0 = Release|Any CPU
		{88198878-3A4F-4E87-BD46-5B7B280032B4}.Release|ARM64.ActiveCfg = Release|Any CPU
		{88198878-3A4F-4E87-BD46-5B7B280032B4}.Release|ARM64.Build.0 = Release|Any CPU
		{88198878-3A4F-4E87-BD46-5B7B280032B4}.Release|x64.ActiveCfg = Release|Any CPU
		{88198878-3A4F-4E87-BD46-5B7B280032B4}.Release|x64.Build.0 = Release|Any CPU
		{88198878-3A4F-4E87-BD46-5B7B280032B4}.Release|x86.ActiveCfg = Release|Any CPU
		{88198878-3A4F-4E87-BD46-5B7B280032B4}.Release|x86.Build.0 = Release|Any CPU
		{EF588E11-EAEF-4C13-8630-DBB159974BAF}.Debug|Any CPU.ActiveCfg = Debug|x64
		{EF588E11-EAEF-4C13-8630-DBB159974BAF}.Debug|Any CPU.Build.0 = Debug|x64
		{EF588E11-EAEF-4C13-8630-DBB159974BAF}.Debug|Any CPU.Deploy.0 = Debug|x64
		{EF588E11-EAEF-4C13-8630-DBB159974BAF}.Debug|ARM64.ActiveCfg = Debug|ARM64
		{EF588E11-EAEF-4C13-8630-DBB159974BAF}.Debug|ARM64.Build.0 = Debug|ARM64
		{EF588E11-EAEF-4C13-8630-DBB159974BAF}.Debug|ARM64.Deploy.0 = Debug|ARM64
		{EF588E11-EAEF-4C13-8630-DBB159974BAF}.Debug|x64.ActiveCfg = Debug|x64
		{EF588E11-EAEF-4C13-8630-DBB159974BAF}.Debug|x64.Build.0 = Debug|x64
		{EF588E11-EAEF-4C13-8630-DBB159974BAF}.Debug|x64.Deploy.0 = Debug|x64
		{EF588E11-EAEF-4C13-8630-DBB159974BAF}.Debug|x86.ActiveCfg = Debug|x86
		{EF588E11-EAEF-4C13-8630-DBB159974BAF}.Debug|x86.Build.0 = Debug|x86
		{EF588E11-EAEF-4C13-8630-DBB159974BAF}.Debug|x86.Deploy.0 = Debug|x86
		{EF588E11-EAEF-4C13-8630-DBB159974BAF}.Release|Any CPU.ActiveCfg = Release|x64
		{EF588E11-EAEF-4C13-8630-DBB159974BAF}.Release|Any CPU.Build.0 = Release|x64
		{EF588E11-EAEF-4C13-8630-DBB159974BAF}.Release|Any CPU.Deploy.0 = Release|x64
		{EF588E11-EAEF-4C13-8630-DBB159974BAF}.Release|ARM64.ActiveCfg = Release|ARM64
		{EF588E11-EAEF-4C13-8630-DBB159974BAF}.Release|ARM64.Build.0 = Release|ARM64
		{EF588E11-EAEF-4C13-8630-DBB159974BAF}.Release|ARM64.Deploy.0 = Release|ARM64
		{EF588E11-EAEF-4C13-8630-DBB159974BAF}.Release|x64.ActiveCfg = Release|x64
		{EF588E11-EAEF-4C13-8630-DBB159974BAF}.Release|x64.Build.0 = Release|x64
		{EF588E11-EAEF-4C13-8630-DBB159974BAF}.Release|x64.Deploy.0 = Release|x64
		{EF588E11-EAEF-4C13-8630-DBB159974BAF}.Release|x86.ActiveCfg = Release|x86
		{EF588E11-EAEF-4C13-8630-DBB159974BAF}.Release|x86.Build.0 = Release|x86
		{EF588E11-EAEF-4C13-8630-DBB159974BAF}.Release|x86.Deploy.0 = Release|x86
		{2F5541F7-F15E-4819-91F1-745B9196C729}.Debug|Any CPU.ActiveCfg = Debug|Any CPU
		{2F5541F7-F15E-4819-91F1-745B9196C729}.Debug|Any CPU.Build.0 = Debug|Any CPU
		{2F5541F7-F15E-4819-91F1-745B9196C729}.Debug|Any CPU.Deploy.0 = Debug|Any CPU
		{2F5541F7-F15E-4819-91F1-745B9196C729}.Debug|ARM64.ActiveCfg = Debug|Any CPU
		{2F5541F7-F15E-4819-91F1-745B9196C729}.Debug|ARM64.Build.0 = Debug|Any CPU
		{2F5541F7-F15E-4819-91F1-745B9196C729}.Debug|ARM64.Deploy.0 = Debug|Any CPU
		{2F5541F7-F15E-4819-91F1-745B9196C729}.Debug|x64.ActiveCfg = Debug|Any CPU
		{2F5541F7-F15E-4819-91F1-745B9196C729}.Debug|x64.Build.0 = Debug|Any CPU
		{2F5541F7-F15E-4819-91F1-745B9196C729}.Debug|x64.Deploy.0 = Debug|Any CPU
		{2F5541F7-F15E-4819-91F1-745B9196C729}.Debug|x86.ActiveCfg = Debug|Any CPU
		{2F5541F7-F15E-4819-91F1-745B9196C729}.Debug|x86.Build.0 = Debug|Any CPU
		{2F5541F7-F15E-4819-91F1-745B9196C729}.Debug|x86.Deploy.0 = Debug|Any CPU
		{2F5541F7-F15E-4819-91F1-745B9196C729}.Release|Any CPU.ActiveCfg = Release|Any CPU
		{2F5541F7-F15E-4819-91F1-745B9196C729}.Release|Any CPU.Build.0 = Release|Any CPU
		{2F5541F7-F15E-4819-91F1-745B9196C729}.Release|Any CPU.Deploy.0 = Release|Any CPU
		{2F5541F7-F15E-4819-91F1-745B9196C729}.Release|ARM64.ActiveCfg = Release|Any CPU
		{2F5541F7-F15E-4819-91F1-745B9196C729}.Release|ARM64.Build.0 = Release|Any CPU
		{2F5541F7-F15E-4819-91F1-745B9196C729}.Release|ARM64.Deploy.0 = Release|Any CPU
		{2F5541F7-F15E-4819-91F1-745B9196C729}.Release|x64.ActiveCfg = Release|Any CPU
		{2F5541F7-F15E-4819-91F1-745B9196C729}.Release|x64.Build.0 = Release|Any CPU
		{2F5541F7-F15E-4819-91F1-745B9196C729}.Release|x64.Deploy.0 = Release|Any CPU
		{2F5541F7-F15E-4819-91F1-745B9196C729}.Release|x86.ActiveCfg = Release|Any CPU
		{2F5541F7-F15E-4819-91F1-745B9196C729}.Release|x86.Build.0 = Release|Any CPU
		{2F5541F7-F15E-4819-91F1-745B9196C729}.Release|x86.Deploy.0 = Release|Any CPU
	EndGlobalSection
	GlobalSection(SolutionProperties) = preSolution
		HideSolutionNode = FALSE
	EndGlobalSection
	GlobalSection(NestedProjects) = preSolution
		{88198878-3A4F-4E87-BD46-5B7B280032B4} = {974D2891-9854-4831-BF6F-056E865DC681}
	EndGlobalSection
	GlobalSection(ExtensibilityGlobals) = postSolution
		SolutionGuid = {BCEBA8EF-1BDE-4489-8E73-B883FF6C7BEF}
	EndGlobalSection
EndGlobal
