
Microsoft Visual Studio Solution File, Format Version 12.00
# Visual Studio Version 17
VisualStudioVersion = 17.0.31903.59
MinimumVisualStudioVersion = 10.0.40219.1
Project("{9A19103F-16F7-4668-BE54-9A1E7A4F7556}") = "Drastic.AllTheControls", "Drastic.AllTheControls\Drastic.AllTheControls.csproj", "{3CE73D77-88C2-47EE-A173-9B01A55D2B4B}"
EndProject
Project("{9A19103F-16F7-4668-BE54-9A1E7A4F7556}") = "Drastic.AppToolbox", "..\external\Drastic.AppToolbox\src\Drastic.AppToolbox\Drastic.AppToolbox.csproj", "{88198878-3A4F-4E87-BD46-5B7B280032B4}"
EndProject
Project("{2150E333-8FDC-42A3-9474-1A3956D46DE8}") = "Library", "Library", "{974D2891-9854-4831-BF6F-056E865DC681}"
EndProject
Project("{9A19103F-16F7-4668-BE54-9A1E7A4F7556}") = "MauiControlsApp", "MauiControlsApp\MauiControlsApp.csproj", "{2F5541F7-F15E-4819-91F1-745B9196C729}"
EndProject
Project("{FAE04EC0-301F-11D3-BF4B-00C04F79EFBC}") = "UIKitControls", "UIKitControls\UIKitControls.csproj", "{57C54910-2C05-452E-9D65-B44CE17A045E}"
EndProject
Project("{FAE04EC0-301F-11D3-BF4B-00C04F79EFBC}") = "MacCatalystControlsApp", "MacCatalystControlsApp\MacCatalystControlsApp.csproj", "{9CE9067F-95D0-48C4-8DC1-EC2D57E9800A}"
EndProject
Project("{FAE04EC0-301F-11D3-BF4B-00C04F79EFBC}") = "iOSControlsApp", "iOSControlsApp\iOSControlsApp.csproj", "{DBD7AB4A-B8EC-4930-8EEE-26E6DADDEE18}"
EndProject
Project("{FAE04EC0-301F-11D3-BF4B-00C04F79EFBC}") = "tvOSControlsApp", "tvOSControlsApp\tvOSControlsApp.csproj", "{4D54139D-678E-4A5F-9568-B61E15FDC2A7}"
EndProject
Project("{FAE04EC0-301F-11D3-BF4B-00C04F79EFBC}") = "macOSControlsApp", "macOSControlsApp\macOSControlsApp.csproj", "{B57F94AC-B721-4F42-9567-D65A502C1EA4}"
EndProject
Global
	GlobalSection(SolutionConfigurationPlatforms) = preSolution
		Debug|Any CPU = Debug|Any CPU
		Debug|ARM64 = Debug|ARM64
		Debug|x64 = Debug|x64
		Debug|x86 = Debug|x86
		Release|Any CPU = Release|Any CPU
		Release|ARM64 = Release|ARM64
		Release|x64 = Release|x64
		Release|x86 = Release|x86
	EndGlobalSection
	GlobalSection(ProjectConfigurationPlatforms) = postSolution
		{3CE73D77-88C2-47EE-A173-9B01A55D2B4B}.Debug|Any CPU.ActiveCfg = Debug|Any CPU
		{3CE73D77-88C2-47EE-A173-9B01A55D2B4B}.Debug|Any CPU.Build.0 = Debug|Any CPU
		{3CE73D77-88C2-47EE-A173-9B01A55D2B4B}.Debug|ARM64.ActiveCfg = Debug|Any CPU
		{3CE73D77-88C2-47EE-A173-9B01A55D2B4B}.Debug|ARM64.Build.0 = Debug|Any CPU
		{3CE73D77-88C2-47EE-A173-9B01A55D2B4B}.Debug|x64.ActiveCfg = Debug|Any CPU
		{3CE73D77-88C2-47EE-A173-9B01A55D2B4B}.Debug|x64.Build.0 = Debug|Any CPU
		{3CE73D77-88C2-47EE-A173-9B01A55D2B4B}.Debug|x86.ActiveCfg = Debug|Any CPU
		{3CE73D77-88C2-47EE-A173-9B01A55D2B4B}.Debug|x86.Build.0 = Debug|Any CPU
		{3CE73D77-88C2-47EE-A173-9B01A55D2B4B}.Release|Any CPU.ActiveCfg = Release|Any CPU
		{3CE73D77-88C2-47EE-A173-9B01A55D2B4B}.Release|Any CPU.Build.0 = Release|Any CPU
		{3CE73D77-88C2-47EE-A173-9B01A55D2B4B}.Release|ARM64.ActiveCfg = Release|Any CPU
		{3CE73D77-88C2-47EE-A173-9B01A55D2B4B}.Release|ARM64.Build.0 = Release|Any CPU
		{3CE73D77-88C2-47EE-A173-9B01A55D2B4B}.Release|x64.ActiveCfg = Release|Any CPU
		{3CE73D77-88C2-47EE-A173-9B01A55D2B4B}.Release|x64.Build.0 = Release|Any CPU
		{3CE73D77-88C2-47EE-A173-9B01A55D2B4B}.Release|x86.ActiveCfg = Release|Any CPU
		{3CE73D77-88C2-47EE-A173-9B01A55D2B4B}.Release|x86.Build.0 = Release|Any CPU
		{88198878-3A4F-4E87-BD46-5B7B280032B4}.Debug|Any CPU.ActiveCfg = Debug|Any CPU
		{88198878-3A4F-4E87-BD46-5B7B280032B4}.Debug|Any CPU.Build.0 = Debug|Any CPU
		{88198878-3A4F-4E87-BD46-5B7B280032B4}.Debug|ARM64.ActiveCfg = Debug|Any CPU
		{88198878-3A4F-4E87-BD46-5B7B280032B4}.Debug|ARM64.Build.0 = Debug|Any CPU
		{88198878-3A4F-4E87-BD46-5B7B280032B4}.Debug|x64.ActiveCfg = Debug|Any CPU
		{88198878-3A4F-4E87-BD46-5B7B280032B4}.Debug|x64.Build.0 = Debug|Any CPU
		{88198878-3A4F-4E87-BD46-5B7B280032B4}.Debug|x86.ActiveCfg = Debug|Any CPU
		{88198878-3A4F-4E87-BD46-5B7B280032B4}.Debug|x86.Build.0 = Debug|Any CPU
		{88198878-3A4F-4E87-BD46-5B7B280032B4}.Release|Any CPU.ActiveCfg = Release|Any CPU
		{88198878-3A4F-4E87-BD46-5B7B280032B4}.Release|Any CPU.Build.0 = Release|Any CPU
		{88198878-3A4F-4E87-BD46-5B7B280032B4}.Release|ARM64.ActiveCfg = Release|Any CPU
		{88198878-3A4F-4E87-BD46-5B7B280032B4}.Release|ARM64.Build.0 = Release|Any CPU
		{88198878-3A4F-4E87-BD46-5B7B280032B4}.Release|x64.ActiveCfg = Release|Any CPU
		{88198878-3A4F-4E87-BD46-5B7B280032B4}.Release|x64.Build.0 = Release|Any CPU
		{88198878-3A4F-4E87-BD46-5B7B280032B4}.Release|x86.ActiveCfg = Release|Any CPU
		{88198878-3A4F-4E87-BD46-5B7B280032B4}.Release|x86.Build.0 = Release|Any CPU
		{2F5541F7-F15E-4819-91F1-745B9196C729}.Debug|Any CPU.ActiveCfg = Debug|Any CPU
		{2F5541F7-F15E-4819-91F1-745B9196C729}.Debug|Any CPU.Build.0 = Debug|Any CPU
		{2F5541F7-F15E-4819-91F1-745B9196C729}.Debug|Any CPU.Deploy.0 = Debug|Any CPU
		{2F5541F7-F15E-4819-91F1-745B9196C729}.Debug|ARM64.ActiveCfg = Debug|Any CPU
		{2F5541F7-F15E-4819-91F1-745B9196C729}.Debug|ARM64.Build.0 = Debug|Any CPU
		{2F5541F7-F15E-4819-91F1-745B9196C729}.Debug|ARM64.Deploy.0 = Debug|Any CPU
		{2F5541F7-F15E-4819-91F1-745B9196C729}.Debug|x64.ActiveCfg = Debug|Any CPU
		{2F5541F7-F15E-4819-91F1-745B9196C729}.Debug|x64.Build.0 = Debug|Any CPU
		{2F5541F7-F15E-4819-91F1-745B9196C729}.Debug|x64.Deploy.0 = Debug|Any CPU
		{2F5541F7-F15E-4819-91F1-745B9196C729}.Debug|x86.ActiveCfg = Debug|Any CPU
		{2F5541F7-F15E-4819-91F1-745B9196C729}.Debug|x86.Build.0 = Debug|Any CPU
		{2F5541F7-F15E-4819-91F1-745B9196C729}.Debug|x86.Deploy.0 = Debug|Any CPU
		{2F5541F7-F15E-4819-91F1-745B9196C729}.Release|Any CPU.ActiveCfg = Release|Any CPU
		{2F5541F7-F15E-4819-91F1-745B9196C729}.Release|Any CPU.Build.0 = Release|Any CPU
		{2F5541F7-F15E-4819-91F1-745B9196C729}.Release|Any CPU.Deploy.0 = Release|Any CPU
		{2F5541F7-F15E-4819-91F1-745B9196C729}.Release|ARM64.ActiveCfg = Release|Any CPU
		{2F5541F7-F15E-4819-91F1-745B9196C729}.Release|ARM64.Build.0 = Release|Any CPU
		{2F5541F7-F15E-4819-91F1-745B9196C729}.Release|ARM64.Deploy.0 = Release|Any CPU
		{2F5541F7-F15E-4819-91F1-745B9196C729}.Release|x64.ActiveCfg = Release|Any CPU
		{2F5541F7-F15E-4819-91F1-745B9196C729}.Release|x64.Build.0 = Release|Any CPU
		{2F5541F7-F15E-4819-91F1-745B9196C729}.Release|x64.Deploy.0 = Release|Any CPU
		{2F5541F7-F15E-4819-91F1-745B9196C729}.Release|x86.ActiveCfg = Release|Any CPU
		{2F5541F7-F15E-4819-91F1-745B9196C729}.Release|x86.Build.0 = Release|Any CPU
		{2F5541F7-F15E-4819-91F1-745B9196C729}.Release|x86.Deploy.0 = Release|Any CPU
		{57C54910-2C05-452E-9D65-B44CE17A045E}.Debug|Any CPU.ActiveCfg = Debug|Any CPU
		{57C54910-2C05-452E-9D65-B44CE17A045E}.Debug|Any CPU.Build.0 = Debug|Any CPU
		{57C54910-2C05-452E-9D65-B44CE17A045E}.Debug|ARM64.ActiveCfg = Debug|Any CPU
		{57C54910-2C05-452E-9D65-B44CE17A045E}.Debug|ARM64.Build.0 = Debug|Any CPU
		{57C54910-2C05-452E-9D65-B44CE17A045E}.Debug|x64.ActiveCfg = Debug|Any CPU
		{57C54910-2C05-452E-9D65-B44CE17A045E}.Debug|x64.Build.0 = Debug|Any CPU
		{57C54910-2C05-452E-9D65-B44CE17A045E}.Debug|x86.ActiveCfg = Debug|Any CPU
		{57C54910-2C05-452E-9D65-B44CE17A045E}.Debug|x86.Build.0 = Debug|Any CPU
		{57C54910-2C05-452E-9D65-B44CE17A045E}.Release|Any CPU.ActiveCfg = Release|Any CPU
		{57C54910-2C05-452E-9D65-B44CE17A045E}.Release|Any CPU.Build.0 = Release|Any CPU
		{57C54910-2C05-452E-9D65-B44CE17A045E}.Release|ARM64.ActiveCfg = Release|Any CPU
		{57C54910-2C05-452E-9D65-B44CE17A045E}.Release|ARM64.Build.0 = Release|Any CPU
		{57C54910-2C05-452E-9D65-B44CE17A045E}.Release|x64.ActiveCfg = Release|Any CPU
		{57C54910-2C05-452E-9D65-B44CE17A045E}.Release|x64.Build.0 = Release|Any CPU
		{57C54910-2C05-452E-9D65-B44CE17A045E}.Release|x86.ActiveCfg = Release|Any CPU
		{57C54910-2C05-452E-9D65-B44CE17A045E}.Release|x86.Build.0 = Release|Any CPU
		{9CE9067F-95D0-48C4-8DC1-EC2D57E9800A}.Debug|Any CPU.ActiveCfg = Debug|Any CPU
		{9CE9067F-95D0-48C4-8DC1-EC2D57E9800A}.Debug|Any CPU.Build.0 = Debug|Any CPU
		{9CE9067F-95D0-48C4-8DC1-EC2D57E9800A}.Debug|ARM64.ActiveCfg = Debug|Any CPU
		{9CE9067F-95D0-48C4-8DC1-EC2D57E9800A}.Debug|ARM64.Build.0 = Debug|Any CPU
		{9CE9067F-95D0-48C4-8DC1-EC2D57E9800A}.Debug|x64.ActiveCfg = Debug|Any CPU
		{9CE9067F-95D0-48C4-8DC1-EC2D57E9800A}.Debug|x64.Build.0 = Debug|Any CPU
		{9CE9067F-95D0-48C4-8DC1-EC2D57E9800A}.Debug|x86.ActiveCfg = Debug|Any CPU
		{9CE9067F-95D0-48C4-8DC1-EC2D57E9800A}.Debug|x86.Build.0 = Debug|Any CPU
		{9CE9067F-95D0-48C4-8DC1-EC2D57E9800A}.Release|Any CPU.ActiveCfg = Release|Any CPU
		{9CE9067F-95D0-48C4-8DC1-EC2D57E9800A}.Release|Any CPU.Build.0 = Release|Any CPU
		{9CE9067F-95D0-48C4-8DC1-EC2D57E9800A}.Release|ARM64.ActiveCfg = Release|Any CPU
		{9CE9067F-95D0-48C4-8DC1-EC2D57E9800A}.Release|ARM64.Build.0 = Release|Any CPU
		{9CE9067F-95D0-48C4-8DC1-EC2D57E9800A}.Release|x64.ActiveCfg = Release|Any CPU
		{9CE9067F-95D0-48C4-8DC1-EC2D57E9800A}.Release|x64.Build.0 = Release|Any CPU
		{9CE9067F-95D0-48C4-8DC1-EC2D57E9800A}.Release|x86.ActiveCfg = Release|Any CPU
		{9CE9067F-95D0-48C4-8DC1-EC2D57E9800A}.Release|x86.Build.0 = Release|Any CPU
		{DBD7AB4A-B8EC-4930-8EEE-26E6DADDEE18}.Debug|Any CPU.ActiveCfg = Debug|Any CPU
		{DBD7AB4A-B8EC-4930-8EEE-26E6DADDEE18}.Debug|Any CPU.Build.0 = Debug|Any CPU
		{DBD7AB4A-B8EC-4930-8EEE-26E6DADDEE18}.Debug|ARM64.ActiveCfg = Debug|Any CPU
		{DBD7AB4A-B8EC-4930-8EEE-26E6DADDEE18}.Debug|ARM64.Build.0 = Debug|Any CPU
		{DBD7AB4A-B8EC-4930-8EEE-26E6DADDEE18}.Debug|x64.ActiveCfg = Debug|Any CPU
		{DBD7AB4A-B8EC-4930-8EEE-26E6DADDEE18}.Debug|x64.Build.0 = Debug|Any CPU
		{DBD7AB4A-B8EC-4930-8EEE-26E6DADDEE18}.Debug|x86.ActiveCfg = Debug|Any CPU
		{DBD7AB4A-B8EC-4930-8EEE-26E6DADDEE18}.Debug|x86.Build.0 = Debug|Any CPU
		{DBD7AB4A-B8EC-4930-8EEE-26E6DADDEE18}.Release|Any CPU.ActiveCfg = Release|Any CPU
		{DBD7AB4A-B8EC-4930-8EEE-26E6DADDEE18}.Release|Any CPU.Build.0 = Release|Any CPU
		{DBD7AB4A-B8EC-4930-8EEE-26E6DADDEE18}.Release|ARM64.ActiveCfg = Release|Any CPU
		{DBD7AB4A-B8EC-4930-8EEE-26E6DADDEE18}.Release|ARM64.Build.0 = Release|Any CPU
		{DBD7AB4A-B8EC-4930-8EEE-26E6DADDEE18}.Release|x64.ActiveCfg = Release|Any CPU
		{DBD7AB4A-B8EC-4930-8EEE-26E6DADDEE18}.Release|x64.Build.0 = Release|Any CPU
		{DBD7AB4A-B8EC-4930-8EEE-26E6DADDEE18}.Release|x86.ActiveCfg = Release|Any CPU
		{DBD7AB4A-B8EC-4930-8EEE-26E6DADDEE18}.Release|x86.Build.0 = Release|Any CPU
		{4D54139D-678E-4A5F-9568-B61E15FDC2A7}.Debug|Any CPU.ActiveCfg = Debug|Any CPU
		{4D54139D-678E-4A5F-9568-B61E15FDC2A7}.Debug|Any CPU.Build.0 = Debug|Any CPU
		{4D54139D-678E-4A5F-9568-B61E15FDC2A7}.Debug|ARM64.ActiveCfg = Debug|Any CPU
		{4D54139D-678E-4A5F-9568-B61E15FDC2A7}.Debug|ARM64.Build.0 = Debug|Any CPU
		{4D54139D-678E-4A5F-9568-B61E15FDC2A7}.Debug|x64.ActiveCfg = Debug|Any CPU
		{4D54139D-678E-4A5F-9568-B61E15FDC2A7}.Debug|x64.Build.0 = Debug|Any CPU
		{4D54139D-678E-4A5F-9568-B61E15FDC2A7}.Debug|x86.ActiveCfg = Debug|Any CPU
		{4D54139D-678E-4A5F-9568-B61E15FDC2A7}.Debug|x86.Build.0 = Debug|Any CPU
		{4D54139D-678E-4A5F-9568-B61E15FDC2A7}.Release|Any CPU.ActiveCfg = Release|Any CPU
		{4D54139D-678E-4A5F-9568-B61E15FDC2A7}.Release|Any CPU.Build.0 = Release|Any CPU
		{4D54139D-678E-4A5F-9568-B61E15FDC2A7}.Release|ARM64.ActiveCfg = Release|Any CPU
		{4D54139D-678E-4A5F-9568-B61E15FDC2A7}.Release|ARM64.Build.0 = Release|Any CPU
		{4D54139D-678E-4A5F-9568-B61E15FDC2A7}.Release|x64.ActiveCfg = Release|Any CPU
		{4D54139D-678E-4A5F-9568-B61E15FDC2A7}.Release|x64.Build.0 = Release|Any CPU
		{4D54139D-678E-4A5F-9568-B61E15FDC2A7}.Release|x86.ActiveCfg = Release|Any CPU
		{4D54139D-678E-4A5F-9568-B61E15FDC2A7}.Release|x86.Build.0 = Release|Any CPU
		{B57F94AC-B721-4F42-9567-D65A502C1EA4}.Debug|Any CPU.ActiveCfg = Debug|Any CPU
		{B57F94AC-B721-4F42-9567-D65A502C1EA4}.Debug|Any CPU.Build.0 = Debug|Any CPU
		{B57F94AC-B721-4F42-9567-D65A502C1EA4}.Debug|ARM64.ActiveCfg = Debug|Any CPU
		{B57F94AC-B721-4F42-9567-D65A502C1EA4}.Debug|ARM64.Build.0 = Debug|Any CPU
		{B57F94AC-B721-4F42-9567-D65A502C1EA4}.Debug|x64.ActiveCfg = Debug|Any CPU
		{B57F94AC-B721-4F42-9567-D65A502C1EA4}.Debug|x64.Build.0 = Debug|Any CPU
		{B57F94AC-B721-4F42-9567-D65A502C1EA4}.Debug|x86.ActiveCfg = Debug|Any CPU
		{B57F94AC-B721-4F42-9567-D65A502C1EA4}.Debug|x86.Build.0 = Debug|Any CPU
		{B57F94AC-B721-4F42-9567-D65A502C1EA4}.Release|Any CPU.ActiveCfg = Release|Any CPU
		{B57F94AC-B721-4F42-9567-D65A502C1EA4}.Release|Any CPU.Build.0 = Release|Any CPU
		{B57F94AC-B721-4F42-9567-D65A502C1EA4}.Release|ARM64.ActiveCfg = Release|Any CPU
		{B57F94AC-B721-4F42-9567-D65A502C1EA4}.Release|ARM64.Build.0 = Release|Any CPU
		{B57F94AC-B721-4F42-9567-D65A502C1EA4}.Release|x64.ActiveCfg = Release|Any CPU
		{B57F94AC-B721-4F42-9567-D65A502C1EA4}.Release|x64.Build.0 = Release|Any CPU
		{B57F94AC-B721-4F42-9567-D65A502C1EA4}.Release|x86.ActiveCfg = Release|Any CPU
		{B57F94AC-B721-4F42-9567-D65A502C1EA4}.Release|x86.Build.0 = Release|Any CPU
	EndGlobalSection
	GlobalSection(SolutionProperties) = preSolution
		HideSolutionNode = FALSE
	EndGlobalSection
	GlobalSection(NestedProjects) = preSolution
		{88198878-3A4F-4E87-BD46-5B7B280032B4} = {974D2891-9854-4831-BF6F-056E865DC681}
	EndGlobalSection
	GlobalSection(ExtensibilityGlobals) = postSolution
		SolutionGuid = {BCEBA8EF-1BDE-4489-8E73-B883FF6C7BEF}
	EndGlobalSection
EndGlobal
